PODS:
  - AppRTC (1.0.1):
    - AppRTC/include (= 1.0.1)
  - AppRTC/include (1.0.1)
  - MQTTKit (0.1.0-next)

DEPENDENCIES:
  - AppRTC (from `https://github.com/ISBX/apprtc-ios.git`)
  - MQTTKit (from `https://github.com/jmesnil/MQTTKit.git`)

EXTERNAL SOURCES:
  AppRTC:
    :git: https://github.com/ISBX/apprtc-ios.git
  MQTTKit:
    :git: https://github.com/jmesnil/MQTTKit.git

CHECKOUT OPTIONS:
  AppRTC:
    :commit: cf58a1a49009cc1a3b3872e1c45d8876a19db010
    :git: https://github.com/ISBX/apprtc-ios.git
  MQTTKit:
    :commit: aaf4a22a67102b8860e80f2005257eb4d8169988
    :git: https://github.com/jmesnil/MQTTKit.git

SPEC CHECKSUMS:
  AppRTC: 10f9c4236e00c8dbff5aadf4364ba30f9bfbaa9c
  MQTTKit: 513ffc31464db7adeffefac986e228fdf6cd87e5

COCOAPODS: 0.36.3
